
Microsoft Visual Studio Solution File, Format Version 12.00
# Visual Studio Version 17
VisualStudioVersion = 17.11.35327.3
MinimumVisualStudioVersion = 10.0.40219.1
Project("{FAE04EC0-301F-11D3-BF4B-00C04F79EFBC}") = "ShapeAnEllipse", "ShapeAnEllipse\ShapeAnEllipse.csproj", "{D0A52620-D999-4028-8ACC-E789D2F1D382}"
EndProject
Global
	GlobalSection(SolutionConfigurationPlatforms) = preSolution
		Debug|Any CPU = Debug|Any CPU
		Release|Any CPU = Release|Any CPU
	EndGlobalSection
	GlobalSection(ProjectConfigurationPlatforms) = postSolution
		{D0A52620-D999-4028-8ACC-E789D2F1D382}.Debug|Any CPU.ActiveCfg = Debug|Any CPU
		{D0A52620-D999-4028-8ACC-E789D2F1D382}.Debug|Any CPU.Build.0 = Debug|Any CPU
		{D0A52620-D999-4028-8ACC-E789D2F1D382}.Release|Any CPU.ActiveCfg = Release|Any CPU
		{D0A52620-D999-4028-8ACC-E789D2F1D382}.Release|Any CPU.Build.0 = Release|Any CPU
	EndGlobalSection
	GlobalSection(SolutionProperties) = preSolution
		HideSolutionNode = FALSE
	EndGlobalSection
	GlobalSection(ExtensibilityGlobals) = postSolution
		SolutionGuid = {DFD52A81-3F22-423E-BA7B-17EB653D0D86}
	EndGlobalSection
EndGlobal
