
Microsoft Visual Studio Solution File, Format Version 12.00
# Visual Studio Version 17
VisualStudioVersion = 17.11.35327.3
MinimumVisualStudioVersion = 10.0.40219.1
Project("{FAE04EC0-301F-11D3-BF4B-00C04F79EFBC}") = "ShowMyFace", "ShowMyFace\ShowMyFace.csproj", "{348F7A84-1D0A-4C0D-8494-BCC8F06C9D5D}"
EndProject
Global
	GlobalSection(SolutionConfigurationPlatforms) = preSolution
		Debug|Any CPU = Debug|Any CPU
		Release|Any CPU = Release|Any CPU
	EndGlobalSection
	GlobalSection(ProjectConfigurationPlatforms) = postSolution
		{348F7A84-1D0A-4C0D-8494-BCC8F06C9D5D}.Debug|Any CPU.ActiveCfg = Debug|Any CPU
		{348F7A84-1D0A-4C0D-8494-BCC8F06C9D5D}.Debug|Any CPU.Build.0 = Debug|Any CPU
		{348F7A84-1D0A-4C0D-8494-BCC8F06C9D5D}.Release|Any CPU.ActiveCfg = Release|Any CPU
		{348F7A84-1D0A-4C0D-8494-BCC8F06C9D5D}.Release|Any CPU.Build.0 = Release|Any CPU
	EndGlobalSection
	GlobalSection(SolutionProperties) = preSolution
		HideSolutionNode = FALSE
	EndGlobalSection
	GlobalSection(ExtensibilityGlobals) = postSolution
		SolutionGuid = {B13D5E80-4240-4946-A24E-6B5568D7733F}
	EndGlobalSection
EndGlobal
