
Microsoft Visual Studio Solution File, Format Version 12.00
# Visual Studio Version 17
VisualStudioVersion = 17.12.35514.174 d17.12
MinimumVisualStudioVersion = 10.0.40219.1
Project("{FAE04EC0-301F-11D3-BF4B-00C04F79EFBC}") = "Petzold.ControlXCV", "Petzold.ControlXCV.csproj", "{8451057E-146C-4661-AC9A-EC064370E596}"
EndProject
Project("{FAE04EC0-301F-11D3-BF4B-00C04F79EFBC}") = "Petzold.CutCopyAndPaste", "..\Petzold.CutCopyAndPaste\Petzold.CutCopyAndPaste.csproj", "{ADD69C82-2122-4151-82D4-C10AF214A132}"
EndProject
Global
	GlobalSection(SolutionConfigurationPlatforms) = preSolution
		Debug|Any CPU = Debug|Any CPU
		Release|Any CPU = Release|Any CPU
	EndGlobalSection
	GlobalSection(ProjectConfigurationPlatforms) = postSolution
		{8451057E-146C-4661-AC9A-EC064370E596}.Debug|Any CPU.ActiveCfg = Debug|Any CPU
		{8451057E-146C-4661-AC9A-EC064370E596}.Debug|Any CPU.Build.0 = Debug|Any CPU
		{8451057E-146C-4661-AC9A-EC064370E596}.Release|Any CPU.ActiveCfg = Release|Any CPU
		{8451057E-146C-4661-AC9A-EC064370E596}.Release|Any CPU.Build.0 = Release|Any CPU
		{ADD69C82-2122-4151-82D4-C10AF214A132}.Debug|Any CPU.ActiveCfg = Debug|Any CPU
		{ADD69C82-2122-4151-82D4-C10AF214A132}.Debug|Any CPU.Build.0 = Debug|Any CPU
		{ADD69C82-2122-4151-82D4-C10AF214A132}.Release|Any CPU.ActiveCfg = Release|Any CPU
		{ADD69C82-2122-4151-82D4-C10AF214A132}.Release|Any CPU.Build.0 = Release|Any CPU
	EndGlobalSection
	GlobalSection(SolutionProperties) = preSolution
		HideSolutionNode = FALSE
	EndGlobalSection
EndGlobal
